
Microsoft Visual Studio Solution File, Format Version 12.00
# Visual Studio Version 17
VisualStudioVersion = 17.2.32519.379
MinimumVisualStudioVersion = 10.0.40219.1
Project("{FAE04EC0-301F-11D3-BF4B-00C04F79EFBC}") = "ProjetoFinal", "ProjetoFinal.csproj", "{F9F4EBBE-965F-4658-AE16-6A1D196F1796}"
EndProject
Global
	GlobalSection(SolutionConfigurationPlatforms) = preSolution
		Debug|Any CPU = Debug|Any CPU
		Release|Any CPU = Release|Any CPU
	EndGlobalSection
	GlobalSection(ProjectConfigurationPlatforms) = postSolution
		{F9F4EBBE-965F-4658-AE16-6A1D196F1796}.Debug|Any CPU.ActiveCfg = Debug|Any CPU
		{F9F4EBBE-965F-4658-AE16-6A1D196F1796}.Debug|Any CPU.Build.0 = Debug|Any CPU
		{F9F4EBBE-965F-4658-AE16-6A1D196F1796}.Release|Any CPU.ActiveCfg = Release|Any CPU
		{F9F4EBBE-965F-4658-AE16-6A1D196F1796}.Release|Any CPU.Build.0 = Release|Any CPU
	EndGlobalSection
	GlobalSection(SolutionProperties) = preSolution
		HideSolutionNode = FALSE
	EndGlobalSection
	GlobalSection(ExtensibilityGlobals) = postSolution
		SolutionGuid = {AC1D6A41-EBCA-425A-A358-F14522E7DC38}
	EndGlobalSection
EndGlobal
